
Microsoft Visual Studio Solution File, Format Version 12.00
# Visual Studio Version 17
VisualStudioVersion = 17.5.33424.131
MinimumVisualStudioVersion = 10.0.40219.1
Project("{FAE04EC0-301F-11D3-BF4B-00C04F79EFBC}") = "Minecraft discord bot app", "Minecraft discord bot app\Minecraft discord bot app.csproj", "{B72DC311-4B3B-48B2-B31A-C1B9BA7A0D84}"
EndProject
Global
	GlobalSection(SolutionConfigurationPlatforms) = preSolution
		Debug|Any CPU = Debug|Any CPU
		Release|Any CPU = Release|Any CPU
	EndGlobalSection
	GlobalSection(ProjectConfigurationPlatforms) = postSolution
		{B72DC311-4B3B-48B2-B31A-C1B9BA7A0D84}.Debug|Any CPU.ActiveCfg = Debug|Any CPU
		{B72DC311-4B3B-48B2-B31A-C1B9BA7A0D84}.Debug|Any CPU.Build.0 = Debug|Any CPU
		{B72DC311-4B3B-48B2-B31A-C1B9BA7A0D84}.Release|Any CPU.ActiveCfg = Release|Any CPU
		{B72DC311-4B3B-48B2-B31A-C1B9BA7A0D84}.Release|Any CPU.Build.0 = Release|Any CPU
	EndGlobalSection
	GlobalSection(SolutionProperties) = preSolution
		HideSolutionNode = FALSE
	EndGlobalSection
	GlobalSection(ExtensibilityGlobals) = postSolution
		SolutionGuid = {2C48343D-E262-43E4-9F7A-B89124EF35FD}
	EndGlobalSection
EndGlobal
